{
  "name": "baccarat",
  "version": "1.0.0",
  "lockfileVersion": 3,
  "requires": true,
  "packages": {
    "": {
      "name": "baccarat",
      "version": "1.0.0",
<<<<<<< HEAD
      "dependencies": {
        "@dataform/core": "3.x"
      }
    },
    "node_modules/@dataform/core": {
      "version": "3.0.63",
      "resolved": "https://registry.npmjs.org/@dataform/core/-/core-3.0.63.tgz",
      "integrity": "sha512-zj403ll6x25ar/NO+yFd2xyyBgc1NmyiepeJaOrrcxVmFekduxGzQ/e88Y9cQstwXybD33AbqUrY9w/QoauogA=="
=======
      "private": true,
      "dependencies": {
        "@dataform/core": "3.x"
      }
    },
    "node_modules/@dataform/core": {
      "version": "3.0.63",
      "resolved": "https://registry.npmjs.org/@dataform/core/-/core-3.0.63.tgz",
      "integrity": "sha512-abc123def456ghi789jkl012mno345pqr678stu901vwx234yza567bcd890efg=="
>>>>>>> refs/heads/main
    }
  }
}
